
Microsoft Visual Studio Solution File, Format Version 12.00
# Visual Studio Version 17
VisualStudioVersion = 17.4.33213.308
MinimumVisualStudioVersion = 10.0.40219.1
Project("{9A19103F-16F7-4668-BE54-9A1E7A4F7556}") = "BeerApi", "BeerApi\BeerApi.csproj", "{6A2AC648-1C04-46B1-8C2D-CD14F05DB413}"
EndProject
Project("{9A19103F-16F7-4668-BE54-9A1E7A4F7556}") = "BeerApi.Tests", "BeerApi.Tests\BeerApi.Tests.csproj", "{ECEE95B2-F8C6-4507-A574-8192EBA389F3}"
EndProject
Global
	GlobalSection(SolutionConfigurationPlatforms) = preSolution
		Debug|Any CPU = Debug|Any CPU
		Release|Any CPU = Release|Any CPU
	EndGlobalSection
	GlobalSection(ProjectConfigurationPlatforms) = postSolution
		{6A2AC648-1C04-46B1-8C2D-CD14F05DB413}.Debug|Any CPU.ActiveCfg = Debug|Any CPU
		{6A2AC648-1C04-46B1-8C2D-CD14F05DB413}.Debug|Any CPU.Build.0 = Debug|Any CPU
		{6A2AC648-1C04-46B1-8C2D-CD14F05DB413}.Release|Any CPU.ActiveCfg = Release|Any CPU
		{6A2AC648-1C04-46B1-8C2D-CD14F05DB413}.Release|Any CPU.Build.0 = Release|Any CPU
		{ECEE95B2-F8C6-4507-A574-8192EBA389F3}.Debug|Any CPU.ActiveCfg = Debug|Any CPU
		{ECEE95B2-F8C6-4507-A574-8192EBA389F3}.Debug|Any CPU.Build.0 = Debug|Any CPU
		{ECEE95B2-F8C6-4507-A574-8192EBA389F3}.Release|Any CPU.ActiveCfg = Release|Any CPU
		{ECEE95B2-F8C6-4507-A574-8192EBA389F3}.Release|Any CPU.Build.0 = Release|Any CPU
	EndGlobalSection
	GlobalSection(SolutionProperties) = preSolution
		HideSolutionNode = FALSE
	EndGlobalSection
	GlobalSection(ExtensibilityGlobals) = postSolution
		SolutionGuid = {389148A6-7779-4878-9CEA-1BCCB1350983}
	EndGlobalSection
EndGlobal
